// !$*UTF8*$!
{
	archiveVersion = 1;
	classes = {
	};
	objectVersion = 56;
	objects = {

/* Begin PBXBuildFile section */
		EB7DDAC829FC90D7007A8025 /* PokeFlyApp.swift in Sources */ = {isa = PBXBuildFile; fileRef = EB7DDAC729FC90D7007A8025 /* PokeFlyApp.swift */; };
		EB7DDACA29FC90D7007A8025 /* ContentView.swift in Sources */ = {isa = PBXBuildFile; fileRef = EB7DDAC929FC90D7007A8025 /* ContentView.swift */; };
		EB7DDACC29FC90DE007A8025 /* Assets.xcassets in Resources */ = {isa = PBXBuildFile; fileRef = EB7DDACB29FC90DD007A8025 /* Assets.xcassets */; };
		EB7DDACF29FC90DE007A8025 /* Preview Assets.xcassets in Resources */ = {isa = PBXBuildFile; fileRef = EB7DDACE29FC90DE007A8025 /* Preview Assets.xcassets */; };
		EB7DDAE029FC96F6007A8025 /* Alamofire in Frameworks */ = {isa = PBXBuildFile; productRef = EB7DDADF29FC96F6007A8025 /* Alamofire */; };
		EB7DDAE429FC9827007A8025 /* NetworkingManager.swift in Sources */ = {isa = PBXBuildFile; fileRef = EB7DDAE329FC9827007A8025 /* NetworkingManager.swift */; };
		EB7DDAF329FCA073007A8025 /* HomeVM.swift in Sources */ = {isa = PBXBuildFile; fileRef = EB7DDAF229FCA073007A8025 /* HomeVM.swift */; };
		EB7DDAF529FCA402007A8025 /* PokemonElement.swift in Sources */ = {isa = PBXBuildFile; fileRef = EB7DDAF429FCA402007A8025 /* PokemonElement.swift */; };
		EB7DDAF729FCB85A007A8025 /* PokemonDetailView.swift in Sources */ = {isa = PBXBuildFile; fileRef = EB7DDAF629FCB85A007A8025 /* PokemonDetailView.swift */; };
		EB7DDAF929FCBBFB007A8025 /* PokemonDatos.swift in Sources */ = {isa = PBXBuildFile; fileRef = EB7DDAF829FCBBFB007A8025 /* PokemonDatos.swift */; };
		EB7DDAFB29FEC207007A8025 /* Helpers.swift in Sources */ = {isa = PBXBuildFile; fileRef = EB7DDAFA29FEC207007A8025 /* Helpers.swift */; };
		EB7DDAFD29FEC760007A8025 /* PokemonModelGeneral.swift in Sources */ = {isa = PBXBuildFile; fileRef = EB7DDAFC29FEC760007A8025 /* PokemonModelGeneral.swift */; };
		EB7DDB042A0200B0007A8025 /* SDWebImageSwiftUI in Frameworks */ = {isa = PBXBuildFile; productRef = EB7DDB032A0200B0007A8025 /* SDWebImageSwiftUI */; };
		EBB006DA2A02ED1C002E16A9 /* PokemonVMCell.swift in Sources */ = {isa = PBXBuildFile; fileRef = EBB006D92A02ED1C002E16A9 /* PokemonVMCell.swift */; };
/* End PBXBuildFile section */

/* Begin PBXFileReference section */
		EB7DDAC429FC90D7007A8025 /* PokeFly.app */ = {isa = PBXFileReference; explicitFileType = wrapper.application; includeInIndex = 0; path = PokeFly.app; sourceTree = BUILT_PRODUCTS_DIR; };
		EB7DDAC729FC90D7007A8025 /* PokeFlyApp.swift */ = {isa = PBXFileReference; lastKnownFileType = sourcecode.swift; path = PokeFlyApp.swift; sourceTree = "<group>"; };
		EB7DDAC929FC90D7007A8025 /* ContentView.swift */ = {isa = PBXFileReference; lastKnownFileType = sourcecode.swift; path = ContentView.swift; sourceTree = "<group>"; };
		EB7DDACB29FC90DD007A8025 /* Assets.xcassets */ = {isa = PBXFileReference; lastKnownFileType = folder.assetcatalog; path = Assets.xcassets; sourceTree = "<group>"; };
		EB7DDACE29FC90DE007A8025 /* Preview Assets.xcassets */ = {isa = PBXFileReference; lastKnownFileType = folder.assetcatalog; path = "Preview Assets.xcassets"; sourceTree = "<group>"; };
		EB7DDAE329FC9827007A8025 /* NetworkingManager.swift */ = {isa = PBXFileReference; lastKnownFileType = sourcecode.swift; path = NetworkingManager.swift; sourceTree = "<group>"; };
		EB7DDAF229FCA073007A8025 /* HomeVM.swift */ = {isa = PBXFileReference; lastKnownFileType = sourcecode.swift; path = HomeVM.swift; sourceTree = "<group>"; };
		EB7DDAF429FCA402007A8025 /* PokemonElement.swift */ = {isa = PBXFileReference; lastKnownFileType = sourcecode.swift; path = PokemonElement.swift; sourceTree = "<group>"; };
		EB7DDAF629FCB85A007A8025 /* PokemonDetailView.swift */ = {isa = PBXFileReference; lastKnownFileType = sourcecode.swift; path = PokemonDetailView.swift; sourceTree = "<group>"; };
		EB7DDAF829FCBBFB007A8025 /* PokemonDatos.swift */ = {isa = PBXFileReference; lastKnownFileType = sourcecode.swift; path = PokemonDatos.swift; sourceTree = "<group>"; };
		EB7DDAFA29FEC207007A8025 /* Helpers.swift */ = {isa = PBXFileReference; lastKnownFileType = sourcecode.swift; path = Helpers.swift; sourceTree = "<group>"; };
		EB7DDAFC29FEC760007A8025 /* PokemonModelGeneral.swift */ = {isa = PBXFileReference; lastKnownFileType = sourcecode.swift; path = PokemonModelGeneral.swift; sourceTree = "<group>"; };
		EBB006D92A02ED1C002E16A9 /* PokemonVMCell.swift */ = {isa = PBXFileReference; lastKnownFileType = sourcecode.swift; path = PokemonVMCell.swift; sourceTree = "<group>"; };
/* End PBXFileReference section */

/* Begin PBXFrameworksBuildPhase section */
		EB7DDAC129FC90D7007A8025 /* Frameworks */ = {
			isa = PBXFrameworksBuildPhase;
			buildActionMask = 2147483647;
			files = (
				EB7DDB042A0200B0007A8025 /* SDWebImageSwiftUI in Frameworks */,
				EB7DDAE029FC96F6007A8025 /* Alamofire in Frameworks */,
			);
			runOnlyForDeploymentPostprocessing = 0;
		};
/* End PBXFrameworksBuildPhase section */

/* Begin PBXGroup section */
		EB7DDABB29FC90D7007A8025 = {
			isa = PBXGroup;
			children = (
				EB7DDAC629FC90D7007A8025 /* PokeFly */,
				EB7DDAC529FC90D7007A8025 /* Products */,
			);
			sourceTree = "<group>";
		};
		EB7DDAC529FC90D7007A8025 /* Products */ = {
			isa = PBXGroup;
			children = (
				EB7DDAC429FC90D7007A8025 /* PokeFly.app */,
			);
			name = Products;
			sourceTree = "<group>";
		};
		EB7DDAC629FC90D7007A8025 /* PokeFly */ = {
			isa = PBXGroup;
			children = (
				EB7DDAD929FC9144007A8025 /* Core */,
				EB7DDAD829FC9137007A8025 /* Services */,
				EB7DDAD729FC912E007A8025 /* Models */,
				EB7DDAD629FC9123007A8025 /* Extensions */,
				EB7DDAD529FC9115007A8025 /* Utilities */,
				EB7DDAC729FC90D7007A8025 /* PokeFlyApp.swift */,
				EB7DDACB29FC90DD007A8025 /* Assets.xcassets */,
				EB7DDACD29FC90DE007A8025 /* Preview Content */,
			);
			path = PokeFly;
			sourceTree = "<group>";
		};
		EB7DDACD29FC90DE007A8025 /* Preview Content */ = {
			isa = PBXGroup;
			children = (
				EB7DDACE29FC90DE007A8025 /* Preview Assets.xcassets */,
			);
			path = "Preview Content";
			sourceTree = "<group>";
		};
		EB7DDAD529FC9115007A8025 /* Utilities */ = {
			isa = PBXGroup;
			children = (
				EB7DDAE329FC9827007A8025 /* NetworkingManager.swift */,
				EB7DDAFA29FEC207007A8025 /* Helpers.swift */,
			);
			path = Utilities;
			sourceTree = "<group>";
		};
		EB7DDAD629FC9123007A8025 /* Extensions */ = {
			isa = PBXGroup;
			children = (
			);
			path = Extensions;
			sourceTree = "<group>";
		};
		EB7DDAD729FC912E007A8025 /* Models */ = {
			isa = PBXGroup;
			children = (
				EB7DDAF829FCBBFB007A8025 /* PokemonDatos.swift */,
				EB7DDAFC29FEC760007A8025 /* PokemonModelGeneral.swift */,
			);
			path = Models;
			sourceTree = "<group>";
		};
		EB7DDAD829FC9137007A8025 /* Services */ = {
			isa = PBXGroup;
			children = (
			);
			path = Services;
			sourceTree = "<group>";
		};
		EB7DDAD929FC9144007A8025 /* Core */ = {
			isa = PBXGroup;
			children = (
				EB7DDADB29FC916A007A8025 /* Home */,
				EB7DDADA29FC9156007A8025 /* Components */,
			);
			path = Core;
			sourceTree = "<group>";
		};
		EB7DDADA29FC9156007A8025 /* Components */ = {
			isa = PBXGroup;
			children = (
				EB7DDAF429FCA402007A8025 /* PokemonElement.swift */,
			);
			path = Components;
			sourceTree = "<group>";
		};
		EB7DDADB29FC916A007A8025 /* Home */ = {
			isa = PBXGroup;
			children = (
				EB7DDADD29FC9180007A8025 /* ViewModels */,
				EB7DDADC29FC9172007A8025 /* Views */,
			);
			path = Home;
			sourceTree = "<group>";
		};
		EB7DDADC29FC9172007A8025 /* Views */ = {
			isa = PBXGroup;
			children = (
				EB7DDAF629FCB85A007A8025 /* PokemonDetailView.swift */,
				EB7DDAC929FC90D7007A8025 /* ContentView.swift */,
			);
			path = Views;
			sourceTree = "<group>";
		};
		EB7DDADD29FC9180007A8025 /* ViewModels */ = {
			isa = PBXGroup;
			children = (
				EB7DDAF229FCA073007A8025 /* HomeVM.swift */,
				EBB006D92A02ED1C002E16A9 /* PokemonVMCell.swift */,
			);
			path = ViewModels;
			sourceTree = "<group>";
		};
/* End PBXGroup section */

/* Begin PBXNativeTarget section */
		EB7DDAC329FC90D7007A8025 /* PokeFly */ = {
			isa = PBXNativeTarget;
			buildConfigurationList = EB7DDAD229FC90DE007A8025 /* Build configuration list for PBXNativeTarget "PokeFly" */;
			buildPhases = (
				EB7DDAC029FC90D7007A8025 /* Sources */,
				EB7DDAC129FC90D7007A8025 /* Frameworks */,
				EB7DDAC229FC90D7007A8025 /* Resources */,
			);
			buildRules = (
			);
			dependencies = (
			);
			name = PokeFly;
			packageProductDependencies = (
				EB7DDADF29FC96F6007A8025 /* Alamofire */,
				EB7DDB032A0200B0007A8025 /* SDWebImageSwiftUI */,
			);
			productName = PokeFly;
			productReference = EB7DDAC429FC90D7007A8025 /* PokeFly.app */;
			productType = "com.apple.product-type.application";
		};
/* End PBXNativeTarget section */

/* Begin PBXProject section */
		EB7DDABC29FC90D7007A8025 /* Project object */ = {
			isa = PBXProject;
			attributes = {
				BuildIndependentTargetsInParallel = 1;
				LastSwiftUpdateCheck = 1420;
				LastUpgradeCheck = 1420;
				TargetAttributes = {
					EB7DDAC329FC90D7007A8025 = {
						CreatedOnToolsVersion = 14.2;
					};
				};
			};
			buildConfigurationList = EB7DDABF29FC90D7007A8025 /* Build configuration list for PBXProject "PokeFly" */;
			compatibilityVersion = "Xcode 14.0";
			developmentRegion = en;
			hasScannedForEncodings = 0;
			knownRegions = (
				en,
				Base,
			);
			mainGroup = EB7DDABB29FC90D7007A8025;
			packageReferences = (
				EB7DDADE29FC96F6007A8025 /* XCRemoteSwiftPackageReference "Alamofire" */,
				EB7DDB022A0200AF007A8025 /* XCRemoteSwiftPackageReference "SDWebImageSwiftUI" */,
			);
			productRefGroup = EB7DDAC529FC90D7007A8025 /* Products */;
			projectDirPath = "";
			projectRoot = "";
			targets = (
				EB7DDAC329FC90D7007A8025 /* PokeFly */,
			);
		};
/* End PBXProject section */

/* Begin PBXResourcesBuildPhase section */
		EB7DDAC229FC90D7007A8025 /* Resources */ = {
			isa = PBXResourcesBuildPhase;
			buildActionMask = 2147483647;
			files = (
				EB7DDACF29FC90DE007A8025 /* Preview Assets.xcassets in Resources */,
				EB7DDACC29FC90DE007A8025 /* Assets.xcassets in Resources */,
			);
			runOnlyForDeploymentPostprocessing = 0;
		};
/* End PBXResourcesBuildPhase section */

/* Begin PBXSourcesBuildPhase section */
		EB7DDAC029FC90D7007A8025 /* Sources */ = {
			isa = PBXSourcesBuildPhase;
			buildActionMask = 2147483647;
			files = (
				EB7DDAF529FCA402007A8025 /* PokemonElement.swift in Sources */,
				EB7DDAF729FCB85A007A8025 /* PokemonDetailView.swift in Sources */,
				EB7DDACA29FC90D7007A8025 /* ContentView.swift in Sources */,
				EB7DDAFB29FEC207007A8025 /* Helpers.swift in Sources */,
				EBB006DA2A02ED1C002E16A9 /* PokemonVMCell.swift in Sources */,
				EB7DDAE429FC9827007A8025 /* NetworkingManager.swift in Sources */,
				EB7DDAF329FCA073007A8025 /* HomeVM.swift in Sources */,
				EB7DDAFD29FEC760007A8025 /* PokemonModelGeneral.swift in Sources */,
				EB7DDAC829FC90D7007A8025 /* PokeFlyApp.swift in Sources */,
				EB7DDAF929FCBBFB007A8025 /* PokemonDatos.swift in Sources */,
			);
			runOnlyForDeploymentPostprocessing = 0;
		};
/* End PBXSourcesBuildPhase section */

/* Begin XCBuildConfiguration section */
		EB7DDAD029FC90DE007A8025 /* Debug */ = {
			isa = XCBuildConfiguration;
			buildSettings = {
				ALWAYS_SEARCH_USER_PATHS = NO;
				CLANG_ANALYZER_NONNULL = YES;
				CLANG_ANALYZER_NUMBER_OBJECT_CONVERSION = YES_AGGRESSIVE;
				CLANG_CXX_LANGUAGE_STANDARD = "gnu++20";
				CLANG_ENABLE_MODULES = YES;
				CLANG_ENABLE_OBJC_ARC = YES;
				CLANG_ENABLE_OBJC_WEAK = YES;
				CLANG_WARN_BLOCK_CAPTURE_AUTORELEASING = YES;
				CLANG_WARN_BOOL_CONVERSION = YES;
				CLANG_WARN_COMMA = YES;
				CLANG_WARN_CONSTANT_CONVERSION = YES;
				CLANG_WARN_DEPRECATED_OBJC_IMPLEMENTATIONS = YES;
				CLANG_WARN_DIRECT_OBJC_ISA_USAGE = YES_ERROR;
				CLANG_WARN_DOCUMENTATION_COMMENTS = YES;
				CLANG_WARN_EMPTY_BODY = YES;
				CLANG_WARN_ENUM_CONVERSION = YES;
				CLANG_WARN_INFINITE_RECURSION = YES;
				CLANG_WARN_INT_CONVERSION = YES;
				CLANG_WARN_NON_LITERAL_NULL_CONVERSION = YES;
				CLANG_WARN_OBJC_IMPLICIT_RETAIN_SELF = YES;
				CLANG_WARN_OBJC_LITERAL_CONVERSION = YES;
				CLANG_WARN_OBJC_ROOT_CLASS = YES_ERROR;
				CLANG_WARN_QUOTED_INCLUDE_IN_FRAMEWORK_HEADER = YES;
				CLANG_WARN_RANGE_LOOP_ANALYSIS = YES;
				CLANG_WARN_STRICT_PROTOTYPES = YES;
				CLANG_WARN_SUSPICIOUS_MOVE = YES;
				CLANG_WARN_UNGUARDED_AVAILABILITY = YES_AGGRESSIVE;
				CLANG_WARN_UNREACHABLE_CODE = YES;
				CLANG_WARN__DUPLICATE_METHOD_MATCH = YES;
				COPY_PHASE_STRIP = NO;
				DEBUG_INFORMATION_FORMAT = dwarf;
				ENABLE_STRICT_OBJC_MSGSEND = YES;
				ENABLE_TESTABILITY = YES;
				GCC_C_LANGUAGE_STANDARD = gnu11;
				GCC_DYNAMIC_NO_PIC = NO;
				GCC_NO_COMMON_BLOCKS = YES;
				GCC_OPTIMIZATION_LEVEL = 0;
				GCC_PREPROCESSOR_DEFINITIONS = (
					"DEBUG=1",
					"$(inherited)",
				);
				GCC_WARN_64_TO_32_BIT_CONVERSION = YES;
				GCC_WARN_ABOUT_RETURN_TYPE = YES_ERROR;
				GCC_WARN_UNDECLARED_SELECTOR = YES;
				GCC_WARN_UNINITIALIZED_AUTOS = YES_AGGRESSIVE;
				GCC_WARN_UNUSED_FUNCTION = YES;
				GCC_WARN_UNUSED_VARIABLE = YES;
				IPHONEOS_DEPLOYMENT_TARGET = 16.2;
				MTL_ENABLE_DEBUG_INFO = INCLUDE_SOURCE;
				MTL_FAST_MATH = YES;
				ONLY_ACTIVE_ARCH = YES;
				SDKROOT = iphoneos;
				SWIFT_ACTIVE_COMPILATION_CONDITIONS = DEBUG;
				SWIFT_OPTIMIZATION_LEVEL = "-Onone";
			};
			name = Debug;
		};
		EB7DDAD129FC90DE007A8025 /* Release */ = {
			isa = XCBuildConfiguration;
			buildSettings = {
				ALWAYS_SEARCH_USER_PATHS = NO;
				CLANG_ANALYZER_NONNULL = YES;
				CLANG_ANALYZER_NUMBER_OBJECT_CONVERSION = YES_AGGRESSIVE;
				CLANG_CXX_LANGUAGE_STANDARD = "gnu++20";
				CLANG_ENABLE_MODULES = YES;
				CLANG_ENABLE_OBJC_ARC = YES;
				CLANG_ENABLE_OBJC_WEAK = YES;
				CLANG_WARN_BLOCK_CAPTURE_AUTORELEASING = YES;
				CLANG_WARN_BOOL_CONVERSION = YES;
				CLANG_WARN_COMMA = YES;
				CLANG_WARN_CONSTANT_CONVERSION = YES;
				CLANG_WARN_DEPRECATED_OBJC_IMPLEMENTATIONS = YES;
				CLANG_WARN_DIRECT_OBJC_ISA_USAGE = YES_ERROR;
				CLANG_WARN_DOCUMENTATION_COMMENTS = YES;
				CLANG_WARN_EMPTY_BODY = YES;
				CLANG_WARN_ENUM_CONVERSION = YES;
				CLANG_WARN_INFINITE_RECURSION = YES;
				CLANG_WARN_INT_CONVERSION = YES;
				CLANG_WARN_NON_LITERAL_NULL_CONVERSION = YES;
				CLANG_WARN_OBJC_IMPLICIT_RETAIN_SELF = YES;
				CLANG_WARN_OBJC_LITERAL_CONVERSION = YES;
				CLANG_WARN_OBJC_ROOT_CLASS = YES_ERROR;
				CLANG_WARN_QUOTED_INCLUDE_IN_FRAMEWORK_HEADER = YES;
				CLANG_WARN_RANGE_LOOP_ANALYSIS = YES;
				CLANG_WARN_STRICT_PROTOTYPES = YES;
				CLANG_WARN_SUSPICIOUS_MOVE = YES;
				CLANG_WARN_UNGUARDED_AVAILABILITY = YES_AGGRESSIVE;
				CLANG_WARN_UNREACHABLE_CODE = YES;
				CLANG_WARN__DUPLICATE_METHOD_MATCH = YES;
				COPY_PHASE_STRIP = NO;
				DEBUG_INFORMATION_FORMAT = "dwarf-with-dsym";
				ENABLE_NS_ASSERTIONS = NO;
				ENABLE_STRICT_OBJC_MSGSEND = YES;
				GCC_C_LANGUAGE_STANDARD = gnu11;
				GCC_NO_COMMON_BLOCKS = YES;
				GCC_WARN_64_TO_32_BIT_CONVERSION = YES;
				GCC_WARN_ABOUT_RETURN_TYPE = YES_ERROR;
				GCC_WARN_UNDECLARED_SELECTOR = YES;
				GCC_WARN_UNINITIALIZED_AUTOS = YES_AGGRESSIVE;
				GCC_WARN_UNUSED_FUNCTION = YES;
				GCC_WARN_UNUSED_VARIABLE = YES;
				IPHONEOS_DEPLOYMENT_TARGET = 16.2;
				MTL_ENABLE_DEBUG_INFO = NO;
				MTL_FAST_MATH = YES;
				SDKROOT = iphoneos;
				SWIFT_COMPILATION_MODE = wholemodule;
				SWIFT_OPTIMIZATION_LEVEL = "-O";
				VALIDATE_PRODUCT = YES;
			};
			name = Release;
		};
		EB7DDAD329FC90DE007A8025 /* Debug */ = {
			isa = XCBuildConfiguration;
			buildSettings = {
				ASSETCATALOG_COMPILER_APPICON_NAME = AppIcon;
				ASSETCATALOG_COMPILER_GLOBAL_ACCENT_COLOR_NAME = AccentColor;
				CODE_SIGN_STYLE = Automatic;
				CURRENT_PROJECT_VERSION = 1;
				DEVELOPMENT_ASSET_PATHS = "\"PokeFly/Preview Content\"";
				DEVELOPMENT_TEAM = 8U236ZJ992;
				ENABLE_PREVIEWS = YES;
				GENERATE_INFOPLIST_FILE = YES;
				INFOPLIST_KEY_UIApplicationSceneManifest_Generation = YES;
				INFOPLIST_KEY_UIApplicationSupportsIndirectInputEvents = YES;
				INFOPLIST_KEY_UILaunchScreen_Generation = YES;
				INFOPLIST_KEY_UISupportedInterfaceOrientations = "UIInterfaceOrientationLandscapeLeft UIInterfaceOrientationLandscapeRight UIInterfaceOrientationPortrait";
				LD_RUNPATH_SEARCH_PATHS = (
					"$(inherited)",
					"@executable_path/Frameworks",
				);
				MARKETING_VERSION = 1.0;
				PRODUCT_BUNDLE_IDENTIFIER = com.PokeFly;
				PRODUCT_NAME = "$(TARGET_NAME)";
				SWIFT_EMIT_LOC_STRINGS = YES;
				SWIFT_VERSION = 5.0;
				TARGETED_DEVICE_FAMILY = "1,2";
			};
			name = Debug;
		};
		EB7DDAD429FC90DE007A8025 /* Release */ = {
			isa = XCBuildConfiguration;
			buildSettings = {
				ASSETCATALOG_COMPILER_APPICON_NAME = AppIcon;
				ASSETCATALOG_COMPILER_GLOBAL_ACCENT_COLOR_NAME = AccentColor;
				CODE_SIGN_STYLE = Automatic;
				CURRENT_PROJECT_VERSION = 1;
				DEVELOPMENT_ASSET_PATHS = "\"PokeFly/Preview Content\"";
				DEVELOPMENT_TEAM = 8U236ZJ992;
				ENABLE_PREVIEWS = YES;
				GENERATE_INFOPLIST_FILE = YES;
				INFOPLIST_KEY_UIApplicationSceneManifest_Generation = YES;
				INFOPLIST_KEY_UIApplicationSupportsIndirectInputEvents = YES;
				INFOPLIST_KEY_UILaunchScreen_Generation = YES;
				INFOPLIST_KEY_UISupportedInterfaceOrientations = "UIInterfaceOrientationLandscapeLeft UIInterfaceOrientationLandscapeRight UIInterfaceOrientationPortrait";
				LD_RUNPATH_SEARCH_PATHS = (
					"$(inherited)",
					"@executable_path/Frameworks",
				);
				MARKETING_VERSION = 1.0;
				PRODUCT_BUNDLE_IDENTIFIER = com.PokeFly;
				PRODUCT_NAME = "$(TARGET_NAME)";
				SWIFT_EMIT_LOC_STRINGS = YES;
				SWIFT_VERSION = 5.0;
				TARGETED_DEVICE_FAMILY = "1,2";
			};
			name = Release;
		};
/* End XCBuildConfiguration section */

/* Begin XCConfigurationList section */
		EB7DDABF29FC90D7007A8025 /* Build configuration list for PBXProject "PokeFly" */ = {
			isa = XCConfigurationList;
			buildConfigurations = (
				EB7DDAD029FC90DE007A8025 /* Debug */,
				EB7DDAD129FC90DE007A8025 /* Release */,
			);
			defaultConfigurationIsVisible = 0;
			defaultConfigurationName = Release;
		};
		EB7DDAD229FC90DE007A8025 /* Build configuration list for PBXNativeTarget "PokeFly" */ = {
			isa = XCConfigurationList;
			buildConfigurations = (
				EB7DDAD329FC90DE007A8025 /* Debug */,
				EB7DDAD429FC90DE007A8025 /* Release */,
			);
			defaultConfigurationIsVisible = 0;
			defaultConfigurationName = Release;
		};
/* End XCConfigurationList section */

/* Begin XCRemoteSwiftPackageReference section */
		EB7DDADE29FC96F6007A8025 /* XCRemoteSwiftPackageReference "Alamofire" */ = {
			isa = XCRemoteSwiftPackageReference;
			repositoryURL = "https://github.com/Alamofire/Alamofire.git";
			requirement = {
				kind = upToNextMajorVersion;
				minimumVersion = 5.0.0;
			};
		};
		EB7DDB022A0200AF007A8025 /* XCRemoteSwiftPackageReference "SDWebImageSwiftUI" */ = {
			isa = XCRemoteSwiftPackageReference;
			repositoryURL = "https://github.com/SDWebImage/SDWebImageSwiftUI";
			requirement = {
				kind = upToNextMajorVersion;
				minimumVersion = 2.0.0;
			};
		};
/* End XCRemoteSwiftPackageReference section */

/* Begin XCSwiftPackageProductDependency section */
		EB7DDADF29FC96F6007A8025 /* Alamofire */ = {
			isa = XCSwiftPackageProductDependency;
			package = EB7DDADE29FC96F6007A8025 /* XCRemoteSwiftPackageReference "Alamofire" */;
			productName = Alamofire;
		};
		EB7DDB032A0200B0007A8025 /* SDWebImageSwiftUI */ = {
			isa = XCSwiftPackageProductDependency;
			package = EB7DDB022A0200AF007A8025 /* XCRemoteSwiftPackageReference "SDWebImageSwiftUI" */;
			productName = SDWebImageSwiftUI;
		};
/* End XCSwiftPackageProductDependency section */
	};
	rootObject = EB7DDABC29FC90D7007A8025 /* Project object */;
}
